
Microsoft Visual Studio Solution File, Format Version 12.00
# Visual Studio Version 16
VisualStudioVersion = 16.0.33027.164
MinimumVisualStudioVersion = 10.0.40219.1
Project("{FAE04EC0-301F-11D3-BF4B-00C04F79EFBC}") = "ENaranja_SO", "Ejemplo\ENaranja_SO.csproj", "{C75348FA-F289-44DB-82C6-BA37374305F1}"
EndProject
Global
	GlobalSection(SolutionConfigurationPlatforms) = preSolution
		Debug|Any CPU = Debug|Any CPU
		Release|Any CPU = Release|Any CPU
	EndGlobalSection
	GlobalSection(ProjectConfigurationPlatforms) = postSolution
		{C75348FA-F289-44DB-82C6-BA37374305F1}.Debug|Any CPU.ActiveCfg = Debug|Any CPU
		{C75348FA-F289-44DB-82C6-BA37374305F1}.Debug|Any CPU.Build.0 = Debug|Any CPU
		{C75348FA-F289-44DB-82C6-BA37374305F1}.Release|Any CPU.ActiveCfg = Release|Any CPU
		{C75348FA-F289-44DB-82C6-BA37374305F1}.Release|Any CPU.Build.0 = Release|Any CPU
	EndGlobalSection
	GlobalSection(SolutionProperties) = preSolution
		HideSolutionNode = FALSE
	EndGlobalSection
	GlobalSection(ExtensibilityGlobals) = postSolution
		SolutionGuid = {B6DF09C2-C864-4361-9D7B-8113E2DB71D9}
	EndGlobalSection
EndGlobal
